{
  "name": "src",
  "version": "1.0.0",
  "lockfileVersion": 2,
  "requires": true,
  "packages": {
    "": {
      "name": "src",
      "version": "1.0.0",
      "license": "ISC",
      "dependencies": {
        "@types/mysql": "^2.15.17"
      }
    },
    "node_modules/@types/mysql": {
      "version": "2.15.17",
      "resolved": "https://registry.npmjs.org/@types/mysql/-/mysql-2.15.17.tgz",
      "integrity": "sha512-5vlnAFgdjFGqu3fHbd+pp+qL9mMty6c/N65TjsT5H+kfet50Qq4tXWMrD5lm/ftXeiEQwbAndZepB/eaLGaTew==",
      "dependencies": {
        "@types/node": "*"
      }
    },
    "node_modules/@types/node": {
      "version": "14.14.28",
      "resolved": "https://registry.npmjs.org/@types/node/-/node-14.14.28.tgz",
      "integrity": "sha512-lg55ArB+ZiHHbBBttLpzD07akz0QPrZgUODNakeC09i62dnrywr9mFErHuaPlB6I7z+sEbK+IYmplahvplCj2g=="
    }
  },
  "dependencies": {
    "@types/mysql": {
      "version": "2.15.17",
      "resolved": "https://registry.npmjs.org/@types/mysql/-/mysql-2.15.17.tgz",
      "integrity": "sha512-5vlnAFgdjFGqu3fHbd+pp+qL9mMty6c/N65TjsT5H+kfet50Qq4tXWMrD5lm/ftXeiEQwbAndZepB/eaLGaTew==",
      "requires": {
        "@types/node": "*"
      }
    },
    "@types/node": {
      "version": "14.14.28",
      "resolved": "https://registry.npmjs.org/@types/node/-/node-14.14.28.tgz",
      "integrity": "sha512-lg55ArB+ZiHHbBBttLpzD07akz0QPrZgUODNakeC09i62dnrywr9mFErHuaPlB6I7z+sEbK+IYmplahvplCj2g=="
    }
  }
}
